
Microsoft Visual Studio Solution File, Format Version 12.00
# Visual Studio Version 17
VisualStudioVersion = 17.4.33205.214
MinimumVisualStudioVersion = 10.0.40219.1
Project("{FAE04EC0-301F-11D3-BF4B-00C04F79EFBC}") = "WpfApp_ProjectAssignment_SP", "WpfApp_ProjectAssignment_SP\WpfApp_ProjectAssignment_SP.csproj", "{D5460863-0F63-49A3-87AF-898FFFFF03F3}"
EndProject
Global
	GlobalSection(SolutionConfigurationPlatforms) = preSolution
		Debug|Any CPU = Debug|Any CPU
		Release|Any CPU = Release|Any CPU
	EndGlobalSection
	GlobalSection(ProjectConfigurationPlatforms) = postSolution
		{D5460863-0F63-49A3-87AF-898FFFFF03F3}.Debug|Any CPU.ActiveCfg = Debug|Any CPU
		{D5460863-0F63-49A3-87AF-898FFFFF03F3}.Debug|Any CPU.Build.0 = Debug|Any CPU
		{D5460863-0F63-49A3-87AF-898FFFFF03F3}.Release|Any CPU.ActiveCfg = Release|Any CPU
		{D5460863-0F63-49A3-87AF-898FFFFF03F3}.Release|Any CPU.Build.0 = Release|Any CPU
	EndGlobalSection
	GlobalSection(SolutionProperties) = preSolution
		HideSolutionNode = FALSE
	EndGlobalSection
	GlobalSection(ExtensibilityGlobals) = postSolution
		SolutionGuid = {15246D52-D14A-4030-837A-1E0145B46FEF}
	EndGlobalSection
EndGlobal
